// !$*UTF8*$!
{
	archiveVersion = 1;
	classes = {
	};
	objectVersion = 50;
	objects = {

/* Begin PBXBuildFile section */
		5A2D73940916AEB7D8442ED4 /* libPods-CVKit.a in Frameworks */ = {isa = PBXBuildFile; fileRef = 9615FAE80A6D507A27435557 /* libPods-CVKit.a */; };
		E00100B3213F6DB000B1CAE5 /* CVSlider.m in Sources */ = {isa = PBXBuildFile; fileRef = E00100B2213F6DB000B1CAE5 /* CVSlider.m */; };
		E0079A4D213D393B0028A451 /* DialView.m in Sources */ = {isa = PBXBuildFile; fileRef = E0079A4A213D393A0028A451 /* DialView.m */; };
		E0079A4E213D393B0028A451 /* GasVC.m in Sources */ = {isa = PBXBuildFile; fileRef = E0079A4C213D393A0028A451 /* GasVC.m */; };
		E01ADA572151E279003CFB26 /* CVModel.m in Sources */ = {isa = PBXBuildFile; fileRef = E01ADA562151E279003CFB26 /* CVModel.m */; };
		E01ADA592151E2DC003CFB26 /* CVModelTest.m in Sources */ = {isa = PBXBuildFile; fileRef = E01ADA582151E2DC003CFB26 /* CVModelTest.m */; };
		E01CED2E215B20A700C3D35A /* CVGradeView.m in Sources */ = {isa = PBXBuildFile; fileRef = E01CED2D215B20A700C3D35A /* CVGradeView.m */; };
		E01CED31215B264F00C3D35A /* CVGradeVC.m in Sources */ = {isa = PBXBuildFile; fileRef = E01CED30215B264F00C3D35A /* CVGradeVC.m */; };
		E02CA7D8215CCFEF000538A3 /* CVWeakTarget.m in Sources */ = {isa = PBXBuildFile; fileRef = E02CA7D7215CCFEF000538A3 /* CVWeakTarget.m */; };
		E02D431F2134FEFD008391EE /* CVNextViewController.m in Sources */ = {isa = PBXBuildFile; fileRef = E02D431D2134FEFD008391EE /* CVNextViewController.m */; };
		E02D43202134FEFD008391EE /* CVNextViewController.xib in Resources */ = {isa = PBXBuildFile; fileRef = E02D431E2134FEFD008391EE /* CVNextViewController.xib */; };
		E02D43232135121F008391EE /* CVPushAnimation.m in Sources */ = {isa = PBXBuildFile; fileRef = E02D43222135121F008391EE /* CVPushAnimation.m */; };
		E02D43262135169B008391EE /* CVPopAnimation.m in Sources */ = {isa = PBXBuildFile; fileRef = E02D43252135169B008391EE /* CVPopAnimation.m */; };
		E044170E214F86870000AD97 /* CVAnimationVC.m in Sources */ = {isa = PBXBuildFile; fileRef = E044170D214F86870000AD97 /* CVAnimationVC.m */; };
		E048EE9821474CC300FC0FAA /* CVTVC.m in Sources */ = {isa = PBXBuildFile; fileRef = E048EE9621474CC300FC0FAA /* CVTVC.m */; };
		E048EE9921474CC300FC0FAA /* CVTVC.xib in Resources */ = {isa = PBXBuildFile; fileRef = E048EE9721474CC300FC0FAA /* CVTVC.xib */; };
		E048EE9E21474EB000FC0FAA /* DeviceCell.xib in Resources */ = {isa = PBXBuildFile; fileRef = E048EE9B21474EB000FC0FAA /* DeviceCell.xib */; };
		E048EE9F21474EB000FC0FAA /* DeviceCell.m in Sources */ = {isa = PBXBuildFile; fileRef = E048EE9C21474EB000FC0FAA /* DeviceCell.m */; };
		E048EEA22147510200FC0FAA /* DeviceModel.m in Sources */ = {isa = PBXBuildFile; fileRef = E048EEA02147510200FC0FAA /* DeviceModel.m */; };
		E048EEA521478B5700FC0FAA /* CVAlertView.m in Sources */ = {isa = PBXBuildFile; fileRef = E048EEA421478B5700FC0FAA /* CVAlertView.m */; };
		E048EEA821478CFB00FC0FAA /* CVShowPeopleAlertVC.m in Sources */ = {isa = PBXBuildFile; fileRef = E048EEA721478CFB00FC0FAA /* CVShowPeopleAlertVC.m */; };
		E061F48B218836EF00376327 /* CVViewController.m in Sources */ = {isa = PBXBuildFile; fileRef = E061F48A218836EF00376327 /* CVViewController.m */; };
		E0780809216B43F9004451E9 /* ZNMainViewController.m in Sources */ = {isa = PBXBuildFile; fileRef = E0780808216B43F8004451E9 /* ZNMainViewController.m */; };
		E0780812216B4867004451E9 /* shebei_cszz.png in Resources */ = {isa = PBXBuildFile; fileRef = E078080B216B4866004451E9 /* shebei_cszz.png */; };
		E0780813216B4867004451E9 /* shebei_dq.png in Resources */ = {isa = PBXBuildFile; fileRef = E078080C216B4866004451E9 /* shebei_dq.png */; };
		E0780814216B4867004451E9 /* shebei_sxt.png in Resources */ = {isa = PBXBuildFile; fileRef = E078080D216B4866004451E9 /* shebei_sxt.png */; };
		E0780815216B4867004451E9 /* shebei_tj.png in Resources */ = {isa = PBXBuildFile; fileRef = E078080E216B4866004451E9 /* shebei_tj.png */; };
		E0780816216B4867004451E9 /* shebei_xfwl.png in Resources */ = {isa = PBXBuildFile; fileRef = E078080F216B4866004451E9 /* shebei_xfwl.png */; };
		E0780817216B4867004451E9 /* shebei_zddw.png in Resources */ = {isa = PBXBuildFile; fileRef = E0780810216B4866004451E9 /* shebei_zddw.png */; };
		E0780818216B4867004451E9 /* weibao.png in Resources */ = {isa = PBXBuildFile; fileRef = E0780811216B4866004451E9 /* weibao.png */; };
		E078081A216B48D2004451E9 /* main_bg_top.png in Resources */ = {isa = PBXBuildFile; fileRef = E0780819216B48D2004451E9 /* main_bg_top.png */; };
		E0BAC878211146AD006F83CE /* AppDelegate.m in Sources */ = {isa = PBXBuildFile; fileRef = E0BAC877211146AD006F83CE /* AppDelegate.m */; };
		E0BAC87B211146AD006F83CE /* ViewController.m in Sources */ = {isa = PBXBuildFile; fileRef = E0BAC87A211146AD006F83CE /* ViewController.m */; };
		E0BAC87E211146AD006F83CE /* Main.storyboard in Resources */ = {isa = PBXBuildFile; fileRef = E0BAC87C211146AD006F83CE /* Main.storyboard */; };
		E0BAC880211146AF006F83CE /* Assets.xcassets in Resources */ = {isa = PBXBuildFile; fileRef = E0BAC87F211146AF006F83CE /* Assets.xcassets */; };
		E0BAC883211146AF006F83CE /* LaunchScreen.storyboard in Resources */ = {isa = PBXBuildFile; fileRef = E0BAC881211146AF006F83CE /* LaunchScreen.storyboard */; };
		E0BAC886211146AF006F83CE /* main.m in Sources */ = {isa = PBXBuildFile; fileRef = E0BAC885211146AF006F83CE /* main.m */; };
		E0BAC890211146AF006F83CE /* CVKitTests.m in Sources */ = {isa = PBXBuildFile; fileRef = E0BAC88F211146AF006F83CE /* CVKitTests.m */; };
		E0BAC89B211146AF006F83CE /* CVKitUITests.m in Sources */ = {isa = PBXBuildFile; fileRef = E0BAC89A211146AF006F83CE /* CVKitUITests.m */; };
		E0BAC8AD211151B3006F83CE /* CVGuideView.m in Sources */ = {isa = PBXBuildFile; fileRef = E0BAC8AC211151B3006F83CE /* CVGuideView.m */; };
		E0DAEEA82140F5B8002F4CC7 /* CVEnergeticView.m in Sources */ = {isa = PBXBuildFile; fileRef = E0DAEEA72140F5B8002F4CC7 /* CVEnergeticView.m */; };
		E0F7B9962112A9E300B363B9 /* CVReaderVC.m in Sources */ = {isa = PBXBuildFile; fileRef = E0F7B9952112A9E300B363B9 /* CVReaderVC.m */; };
/* End PBXBuildFile section */

/* Begin PBXContainerItemProxy section */
		E0BAC88C211146AF006F83CE /* PBXContainerItemProxy */ = {
			isa = PBXContainerItemProxy;
			containerPortal = E0BAC86B211146AD006F83CE /* Project object */;
			proxyType = 1;
			remoteGlobalIDString = E0BAC872211146AD006F83CE;
			remoteInfo = CVKit;
		};
		E0BAC897211146AF006F83CE /* PBXContainerItemProxy */ = {
			isa = PBXContainerItemProxy;
			containerPortal = E0BAC86B211146AD006F83CE /* Project object */;
			proxyType = 1;
			remoteGlobalIDString = E0BAC872211146AD006F83CE;
			remoteInfo = CVKit;
		};
/* End PBXContainerItemProxy section */

/* Begin PBXFileReference section */
		0283D19E1100C56E7697EFD9 /* Pods-CVKit.debug.xcconfig */ = {isa = PBXFileReference; includeInIndex = 1; lastKnownFileType = text.xcconfig; name = "Pods-CVKit.debug.xcconfig"; path = "Pods/Target Support Files/Pods-CVKit/Pods-CVKit.debug.xcconfig"; sourceTree = "<group>"; };
		9615FAE80A6D507A27435557 /* libPods-CVKit.a */ = {isa = PBXFileReference; explicitFileType = archive.ar; includeInIndex = 0; path = "libPods-CVKit.a"; sourceTree = BUILT_PRODUCTS_DIR; };
		C13653D333879FC97F8B9F89 /* Pods-CVKit.release.xcconfig */ = {isa = PBXFileReference; includeInIndex = 1; lastKnownFileType = text.xcconfig; name = "Pods-CVKit.release.xcconfig"; path = "Pods/Target Support Files/Pods-CVKit/Pods-CVKit.release.xcconfig"; sourceTree = "<group>"; };
		E00100B1213F6DAF00B1CAE5 /* CVSlider.h */ = {isa = PBXFileReference; fileEncoding = 4; lastKnownFileType = sourcecode.c.h; path = CVSlider.h; sourceTree = "<group>"; };
		E00100B2213F6DB000B1CAE5 /* CVSlider.m */ = {isa = PBXFileReference; fileEncoding = 4; lastKnownFileType = sourcecode.c.objc; path = CVSlider.m; sourceTree = "<group>"; };
		E0079A49213D393A0028A451 /* DialView.h */ = {isa = PBXFileReference; fileEncoding = 4; lastKnownFileType = sourcecode.c.h; path = DialView.h; sourceTree = "<group>"; };
		E0079A4A213D393A0028A451 /* DialView.m */ = {isa = PBXFileReference; fileEncoding = 4; lastKnownFileType = sourcecode.c.objc; path = DialView.m; sourceTree = "<group>"; };
		E0079A4B213D393A0028A451 /* GasVC.h */ = {isa = PBXFileReference; fileEncoding = 4; lastKnownFileType = sourcecode.c.h; path = GasVC.h; sourceTree = "<group>"; };
		E0079A4C213D393A0028A451 /* GasVC.m */ = {isa = PBXFileReference; fileEncoding = 4; lastKnownFileType = sourcecode.c.objc; path = GasVC.m; sourceTree = "<group>"; };
		E01ADA552151E279003CFB26 /* CVModel.h */ = {isa = PBXFileReference; lastKnownFileType = sourcecode.c.h; path = CVModel.h; sourceTree = "<group>"; };
		E01ADA562151E279003CFB26 /* CVModel.m */ = {isa = PBXFileReference; lastKnownFileType = sourcecode.c.objc; path = CVModel.m; sourceTree = "<group>"; };
		E01ADA582151E2DC003CFB26 /* CVModelTest.m */ = {isa = PBXFileReference; lastKnownFileType = sourcecode.c.objc; path = CVModelTest.m; sourceTree = "<group>"; };
		E01CED2C215B20A700C3D35A /* CVGradeView.h */ = {isa = PBXFileReference; lastKnownFileType = sourcecode.c.h; path = CVGradeView.h; sourceTree = "<group>"; };
		E01CED2D215B20A700C3D35A /* CVGradeView.m */ = {isa = PBXFileReference; lastKnownFileType = sourcecode.c.objc; path = CVGradeView.m; sourceTree = "<group>"; };
		E01CED2F215B264F00C3D35A /* CVGradeVC.h */ = {isa = PBXFileReference; lastKnownFileType = sourcecode.c.h; path = CVGradeVC.h; sourceTree = "<group>"; };
		E01CED30215B264F00C3D35A /* CVGradeVC.m */ = {isa = PBXFileReference; lastKnownFileType = sourcecode.c.objc; path = CVGradeVC.m; sourceTree = "<group>"; };
		E02CA7D6215CCFEF000538A3 /* CVWeakTarget.h */ = {isa = PBXFileReference; lastKnownFileType = sourcecode.c.h; path = CVWeakTarget.h; sourceTree = "<group>"; };
		E02CA7D7215CCFEF000538A3 /* CVWeakTarget.m */ = {isa = PBXFileReference; lastKnownFileType = sourcecode.c.objc; path = CVWeakTarget.m; sourceTree = "<group>"; };
		E02D431C2134FEFD008391EE /* CVNextViewController.h */ = {isa = PBXFileReference; lastKnownFileType = sourcecode.c.h; path = CVNextViewController.h; sourceTree = "<group>"; };
		E02D431D2134FEFD008391EE /* CVNextViewController.m */ = {isa = PBXFileReference; lastKnownFileType = sourcecode.c.objc; path = CVNextViewController.m; sourceTree = "<group>"; };
		E02D431E2134FEFD008391EE /* CVNextViewController.xib */ = {isa = PBXFileReference; lastKnownFileType = file.xib; path = CVNextViewController.xib; sourceTree = "<group>"; };
		E02D43212135121F008391EE /* CVPushAnimation.h */ = {isa = PBXFileReference; lastKnownFileType = sourcecode.c.h; path = CVPushAnimation.h; sourceTree = "<group>"; };
		E02D43222135121F008391EE /* CVPushAnimation.m */ = {isa = PBXFileReference; lastKnownFileType = sourcecode.c.objc; path = CVPushAnimation.m; sourceTree = "<group>"; };
		E02D43242135169B008391EE /* CVPopAnimation.h */ = {isa = PBXFileReference; lastKnownFileType = sourcecode.c.h; path = CVPopAnimation.h; sourceTree = "<group>"; };
		E02D43252135169B008391EE /* CVPopAnimation.m */ = {isa = PBXFileReference; lastKnownFileType = sourcecode.c.objc; path = CVPopAnimation.m; sourceTree = "<group>"; };
		E044170C214F86870000AD97 /* CVAnimationVC.h */ = {isa = PBXFileReference; lastKnownFileType = sourcecode.c.h; path = CVAnimationVC.h; sourceTree = "<group>"; };
		E044170D214F86870000AD97 /* CVAnimationVC.m */ = {isa = PBXFileReference; lastKnownFileType = sourcecode.c.objc; path = CVAnimationVC.m; sourceTree = "<group>"; };
		E048EE9521474CC300FC0FAA /* CVTVC.h */ = {isa = PBXFileReference; lastKnownFileType = sourcecode.c.h; path = CVTVC.h; sourceTree = "<group>"; };
		E048EE9621474CC300FC0FAA /* CVTVC.m */ = {isa = PBXFileReference; lastKnownFileType = sourcecode.c.objc; path = CVTVC.m; sourceTree = "<group>"; };
		E048EE9721474CC300FC0FAA /* CVTVC.xib */ = {isa = PBXFileReference; lastKnownFileType = file.xib; path = CVTVC.xib; sourceTree = "<group>"; };
		E048EE9B21474EB000FC0FAA /* DeviceCell.xib */ = {isa = PBXFileReference; fileEncoding = 4; lastKnownFileType = file.xib; path = DeviceCell.xib; sourceTree = "<group>"; };
		E048EE9C21474EB000FC0FAA /* DeviceCell.m */ = {isa = PBXFileReference; fileEncoding = 4; lastKnownFileType = sourcecode.c.objc; path = DeviceCell.m; sourceTree = "<group>"; };
		E048EE9D21474EB000FC0FAA /* DeviceCell.h */ = {isa = PBXFileReference; fileEncoding = 4; lastKnownFileType = sourcecode.c.h; path = DeviceCell.h; sourceTree = "<group>"; };
		E048EEA02147510200FC0FAA /* DeviceModel.m */ = {isa = PBXFileReference; fileEncoding = 4; lastKnownFileType = sourcecode.c.objc; path = DeviceModel.m; sourceTree = "<group>"; };
		E048EEA12147510200FC0FAA /* DeviceModel.h */ = {isa = PBXFileReference; fileEncoding = 4; lastKnownFileType = sourcecode.c.h; path = DeviceModel.h; sourceTree = "<group>"; };
		E048EEA321478B5700FC0FAA /* CVAlertView.h */ = {isa = PBXFileReference; lastKnownFileType = sourcecode.c.h; path = CVAlertView.h; sourceTree = "<group>"; };
		E048EEA421478B5700FC0FAA /* CVAlertView.m */ = {isa = PBXFileReference; lastKnownFileType = sourcecode.c.objc; path = CVAlertView.m; sourceTree = "<group>"; };
		E048EEA621478CFB00FC0FAA /* CVShowPeopleAlertVC.h */ = {isa = PBXFileReference; lastKnownFileType = sourcecode.c.h; path = CVShowPeopleAlertVC.h; sourceTree = "<group>"; };
		E048EEA721478CFB00FC0FAA /* CVShowPeopleAlertVC.m */ = {isa = PBXFileReference; lastKnownFileType = sourcecode.c.objc; path = CVShowPeopleAlertVC.m; sourceTree = "<group>"; };
		E061F489218836EF00376327 /* CVViewController.h */ = {isa = PBXFileReference; lastKnownFileType = sourcecode.c.h; path = CVViewController.h; sourceTree = "<group>"; };
		E061F48A218836EF00376327 /* CVViewController.m */ = {isa = PBXFileReference; lastKnownFileType = sourcecode.c.objc; path = CVViewController.m; sourceTree = "<group>"; };
		E0780807216B43F3004451E9 /* ZNMainViewController.h */ = {isa = PBXFileReference; fileEncoding = 4; lastKnownFileType = sourcecode.c.h; path = ZNMainViewController.h; sourceTree = "<group>"; };
		E0780808216B43F8004451E9 /* ZNMainViewController.m */ = {isa = PBXFileReference; fileEncoding = 4; lastKnownFileType = sourcecode.c.objc; path = ZNMainViewController.m; sourceTree = "<group>"; };
		E078080B216B4866004451E9 /* shebei_cszz.png */ = {isa = PBXFileReference; lastKnownFileType = image.png; path = shebei_cszz.png; sourceTree = "<group>"; };
		E078080C216B4866004451E9 /* shebei_dq.png */ = {isa = PBXFileReference; lastKnownFileType = image.png; path = shebei_dq.png; sourceTree = "<group>"; };
		E078080D216B4866004451E9 /* shebei_sxt.png */ = {isa = PBXFileReference; lastKnownFileType = image.png; path = shebei_sxt.png; sourceTree = "<group>"; };
		E078080E216B4866004451E9 /* shebei_tj.png */ = {isa = PBXFileReference; lastKnownFileType = image.png; path = shebei_tj.png; sourceTree = "<group>"; };
		E078080F216B4866004451E9 /* shebei_xfwl.png */ = {isa = PBXFileReference; lastKnownFileType = image.png; path = shebei_xfwl.png; sourceTree = "<group>"; };
		E0780810216B4866004451E9 /* shebei_zddw.png */ = {isa = PBXFileReference; lastKnownFileType = image.png; path = shebei_zddw.png; sourceTree = "<group>"; };
		E0780811216B4866004451E9 /* weibao.png */ = {isa = PBXFileReference; lastKnownFileType = image.png; path = weibao.png; sourceTree = "<group>"; };
		E0780819216B48D2004451E9 /* main_bg_top.png */ = {isa = PBXFileReference; lastKnownFileType = image.png; path = main_bg_top.png; sourceTree = "<group>"; };
		E0BAC873211146AD006F83CE /* CVKit.app */ = {isa = PBXFileReference; explicitFileType = wrapper.application; includeInIndex = 0; path = CVKit.app; sourceTree = BUILT_PRODUCTS_DIR; };
		E0BAC876211146AD006F83CE /* AppDelegate.h */ = {isa = PBXFileReference; lastKnownFileType = sourcecode.c.h; path = AppDelegate.h; sourceTree = "<group>"; };
		E0BAC877211146AD006F83CE /* AppDelegate.m */ = {isa = PBXFileReference; lastKnownFileType = sourcecode.c.objc; path = AppDelegate.m; sourceTree = "<group>"; };
		E0BAC879211146AD006F83CE /* ViewController.h */ = {isa = PBXFileReference; lastKnownFileType = sourcecode.c.h; path = ViewController.h; sourceTree = "<group>"; };
		E0BAC87A211146AD006F83CE /* ViewController.m */ = {isa = PBXFileReference; lastKnownFileType = sourcecode.c.objc; path = ViewController.m; sourceTree = "<group>"; };
		E0BAC87D211146AD006F83CE /* Base */ = {isa = PBXFileReference; lastKnownFileType = file.storyboard; name = Base; path = Base.lproj/Main.storyboard; sourceTree = "<group>"; };
		E0BAC87F211146AF006F83CE /* Assets.xcassets */ = {isa = PBXFileReference; lastKnownFileType = folder.assetcatalog; path = Assets.xcassets; sourceTree = "<group>"; };
		E0BAC882211146AF006F83CE /* Base */ = {isa = PBXFileReference; lastKnownFileType = file.storyboard; name = Base; path = Base.lproj/LaunchScreen.storyboard; sourceTree = "<group>"; };
		E0BAC884211146AF006F83CE /* Info.plist */ = {isa = PBXFileReference; lastKnownFileType = text.plist.xml; path = Info.plist; sourceTree = "<group>"; };
		E0BAC885211146AF006F83CE /* main.m */ = {isa = PBXFileReference; lastKnownFileType = sourcecode.c.objc; path = main.m; sourceTree = "<group>"; };
		E0BAC88B211146AF006F83CE /* CVKitTests.xctest */ = {isa = PBXFileReference; explicitFileType = wrapper.cfbundle; includeInIndex = 0; path = CVKitTests.xctest; sourceTree = BUILT_PRODUCTS_DIR; };
		E0BAC88F211146AF006F83CE /* CVKitTests.m */ = {isa = PBXFileReference; lastKnownFileType = sourcecode.c.objc; path = CVKitTests.m; sourceTree = "<group>"; };
		E0BAC891211146AF006F83CE /* Info.plist */ = {isa = PBXFileReference; lastKnownFileType = text.plist.xml; path = Info.plist; sourceTree = "<group>"; };
		E0BAC896211146AF006F83CE /* CVKitUITests.xctest */ = {isa = PBXFileReference; explicitFileType = wrapper.cfbundle; includeInIndex = 0; path = CVKitUITests.xctest; sourceTree = BUILT_PRODUCTS_DIR; };
		E0BAC89A211146AF006F83CE /* CVKitUITests.m */ = {isa = PBXFileReference; lastKnownFileType = sourcecode.c.objc; path = CVKitUITests.m; sourceTree = "<group>"; };
		E0BAC89C211146AF006F83CE /* Info.plist */ = {isa = PBXFileReference; lastKnownFileType = text.plist.xml; path = Info.plist; sourceTree = "<group>"; };
		E0BAC8A921114E1C006F83CE /* CVHeader.h */ = {isa = PBXFileReference; lastKnownFileType = sourcecode.c.h; path = CVHeader.h; sourceTree = "<group>"; };
		E0BAC8AB211151B3006F83CE /* CVGuideView.h */ = {isa = PBXFileReference; lastKnownFileType = sourcecode.c.h; path = CVGuideView.h; sourceTree = "<group>"; };
		E0BAC8AC211151B3006F83CE /* CVGuideView.m */ = {isa = PBXFileReference; lastKnownFileType = sourcecode.c.objc; path = CVGuideView.m; sourceTree = "<group>"; };
		E0DAEEA62140F5B8002F4CC7 /* CVEnergeticView.h */ = {isa = PBXFileReference; lastKnownFileType = sourcecode.c.h; path = CVEnergeticView.h; sourceTree = "<group>"; };
		E0DAEEA72140F5B8002F4CC7 /* CVEnergeticView.m */ = {isa = PBXFileReference; lastKnownFileType = sourcecode.c.objc; path = CVEnergeticView.m; sourceTree = "<group>"; };
		E0F7B9942112A9E300B363B9 /* CVReaderVC.h */ = {isa = PBXFileReference; lastKnownFileType = sourcecode.c.h; path = CVReaderVC.h; sourceTree = "<group>"; };
		E0F7B9952112A9E300B363B9 /* CVReaderVC.m */ = {isa = PBXFileReference; lastKnownFileType = sourcecode.c.objc; path = CVReaderVC.m; sourceTree = "<group>"; };
/* End PBXFileReference section */

/* Begin PBXFrameworksBuildPhase section */
		E0BAC870211146AD006F83CE /* Frameworks */ = {
			isa = PBXFrameworksBuildPhase;
			buildActionMask = 2147483647;
			files = (
				5A2D73940916AEB7D8442ED4 /* libPods-CVKit.a in Frameworks */,
			);
			runOnlyForDeploymentPostprocessing = 0;
		};
		E0BAC888211146AF006F83CE /* Frameworks */ = {
			isa = PBXFrameworksBuildPhase;
			buildActionMask = 2147483647;
			files = (
			);
			runOnlyForDeploymentPostprocessing = 0;
		};
		E0BAC893211146AF006F83CE /* Frameworks */ = {
			isa = PBXFrameworksBuildPhase;
			buildActionMask = 2147483647;
			files = (
			);
			runOnlyForDeploymentPostprocessing = 0;
		};
/* End PBXFrameworksBuildPhase section */

/* Begin PBXGroup section */
		0F3AF891E919DD06DCE45E2D /* Frameworks */ = {
			isa = PBXGroup;
			children = (
				9615FAE80A6D507A27435557 /* libPods-CVKit.a */,
			);
			name = Frameworks;
			sourceTree = "<group>";
		};
		DE169547FEBB034C38941DDA /* Pods */ = {
			isa = PBXGroup;
			children = (
				0283D19E1100C56E7697EFD9 /* Pods-CVKit.debug.xcconfig */,
				C13653D333879FC97F8B9F89 /* Pods-CVKit.release.xcconfig */,
			);
			name = Pods;
			sourceTree = "<group>";
		};
		E001F88A211C39F8002B5287 /* Animation */ = {
			isa = PBXGroup;
			children = (
				E02D43212135121F008391EE /* CVPushAnimation.h */,
				E02D43222135121F008391EE /* CVPushAnimation.m */,
				E02D43242135169B008391EE /* CVPopAnimation.h */,
				E02D43252135169B008391EE /* CVPopAnimation.m */,
			);
			path = Animation;
			sourceTree = "<group>";
		};
		E0079A48213D393A0028A451 /* yishi */ = {
			isa = PBXGroup;
			children = (
				E0079A49213D393A0028A451 /* DialView.h */,
				E0079A4A213D393A0028A451 /* DialView.m */,
				E0079A4B213D393A0028A451 /* GasVC.h */,
				E0079A4C213D393A0028A451 /* GasVC.m */,
			);
			path = yishi;
			sourceTree = "<group>";
		};
		E01ADA542151E028003CFB26 /* CVTestDemo */ = {
			isa = PBXGroup;
			children = (
				E01ADA552151E279003CFB26 /* CVModel.h */,
				E01ADA562151E279003CFB26 /* CVModel.m */,
				E01ADA582151E2DC003CFB26 /* CVModelTest.m */,
			);
			path = CVTestDemo;
			sourceTree = "<group>";
		};
		E01CED2B215B207B00C3D35A /* Grade */ = {
			isa = PBXGroup;
			children = (
				E01CED2C215B20A700C3D35A /* CVGradeView.h */,
				E01CED2D215B20A700C3D35A /* CVGradeView.m */,
				E01CED2F215B264F00C3D35A /* CVGradeVC.h */,
				E01CED30215B264F00C3D35A /* CVGradeVC.m */,
				E02CA7D6215CCFEF000538A3 /* CVWeakTarget.h */,
				E02CA7D7215CCFEF000538A3 /* CVWeakTarget.m */,
			);
			path = Grade;
			sourceTree = "<group>";
		};
		E0441708214F85880000AD97 /* CAAnimation */ = {
			isa = PBXGroup;
			children = (
				E044170C214F86870000AD97 /* CVAnimationVC.h */,
				E044170D214F86870000AD97 /* CVAnimationVC.m */,
			);
			path = CAAnimation;
			sourceTree = "<group>";
		};
		E048EE9A21474EA700FC0FAA /* cell */ = {
			isa = PBXGroup;
			children = (
				E048EEA12147510200FC0FAA /* DeviceModel.h */,
				E048EEA02147510200FC0FAA /* DeviceModel.m */,
				E048EE9D21474EB000FC0FAA /* DeviceCell.h */,
				E048EE9C21474EB000FC0FAA /* DeviceCell.m */,
				E048EE9B21474EB000FC0FAA /* DeviceCell.xib */,
			);
			path = cell;
			sourceTree = "<group>";
		};
		E078080A216B4866004451E9 /* images */ = {
			isa = PBXGroup;
			children = (
				E0780819216B48D2004451E9 /* main_bg_top.png */,
				E078080B216B4866004451E9 /* shebei_cszz.png */,
				E078080C216B4866004451E9 /* shebei_dq.png */,
				E078080D216B4866004451E9 /* shebei_sxt.png */,
				E078080E216B4866004451E9 /* shebei_tj.png */,
				E078080F216B4866004451E9 /* shebei_xfwl.png */,
				E0780810216B4866004451E9 /* shebei_zddw.png */,
				E0780811216B4866004451E9 /* weibao.png */,
			);
			path = images;
			sourceTree = "<group>";
		};
		E0BAC86A211146AD006F83CE = {
			isa = PBXGroup;
			children = (
				E0BAC875211146AD006F83CE /* CVKit */,
				E0BAC88E211146AF006F83CE /* CVKitTests */,
				E0BAC899211146AF006F83CE /* CVKitUITests */,
				E0BAC874211146AD006F83CE /* Products */,
				DE169547FEBB034C38941DDA /* Pods */,
				0F3AF891E919DD06DCE45E2D /* Frameworks */,
			);
			sourceTree = "<group>";
		};
		E0BAC874211146AD006F83CE /* Products */ = {
			isa = PBXGroup;
			children = (
				E0BAC873211146AD006F83CE /* CVKit.app */,
				E0BAC88B211146AF006F83CE /* CVKitTests.xctest */,
				E0BAC896211146AF006F83CE /* CVKitUITests.xctest */,
			);
			name = Products;
			sourceTree = "<group>";
		};
		E0BAC875211146AD006F83CE /* CVKit */ = {
			isa = PBXGroup;
			children = (
				E01ADA542151E028003CFB26 /* CVTestDemo */,
				E048EE9A21474EA700FC0FAA /* cell */,
				E0BAC8A821114DCF006F83CE /* kit */,
				E0BAC876211146AD006F83CE /* AppDelegate.h */,
				E0BAC877211146AD006F83CE /* AppDelegate.m */,
				E0BAC879211146AD006F83CE /* ViewController.h */,
				E0BAC87A211146AD006F83CE /* ViewController.m */,
				E0780807216B43F3004451E9 /* ZNMainViewController.h */,
				E0780808216B43F8004451E9 /* ZNMainViewController.m */,
				E078080A216B4866004451E9 /* images */,
				E0079A48213D393A0028A451 /* yishi */,
				E0BAC87C211146AD006F83CE /* Main.storyboard */,
				E0BAC87F211146AF006F83CE /* Assets.xcassets */,
				E0BAC881211146AF006F83CE /* LaunchScreen.storyboard */,
				E0BAC884211146AF006F83CE /* Info.plist */,
				E0BAC885211146AF006F83CE /* main.m */,
				E02D431C2134FEFD008391EE /* CVNextViewController.h */,
				E02D431D2134FEFD008391EE /* CVNextViewController.m */,
				E02D431E2134FEFD008391EE /* CVNextViewController.xib */,
				E0DAEEA62140F5B8002F4CC7 /* CVEnergeticView.h */,
				E0DAEEA72140F5B8002F4CC7 /* CVEnergeticView.m */,
				E048EE9521474CC300FC0FAA /* CVTVC.h */,
				E048EE9621474CC300FC0FAA /* CVTVC.m */,
				E048EE9721474CC300FC0FAA /* CVTVC.xib */,
				E048EEA321478B5700FC0FAA /* CVAlertView.h */,
				E048EEA421478B5700FC0FAA /* CVAlertView.m */,
				E061F489218836EF00376327 /* CVViewController.h */,
				E061F48A218836EF00376327 /* CVViewController.m */,
			);
			path = CVKit;
			sourceTree = "<group>";
		};
		E0BAC88E211146AF006F83CE /* CVKitTests */ = {
			isa = PBXGroup;
			children = (
				E0BAC88F211146AF006F83CE /* CVKitTests.m */,
				E0BAC891211146AF006F83CE /* Info.plist */,
			);
			path = CVKitTests;
			sourceTree = "<group>";
		};
		E0BAC899211146AF006F83CE /* CVKitUITests */ = {
			isa = PBXGroup;
			children = (
				E0BAC89A211146AF006F83CE /* CVKitUITests.m */,
				E0BAC89C211146AF006F83CE /* Info.plist */,
			);
			path = CVKitUITests;
			sourceTree = "<group>";
		};
		E0BAC8A821114DCF006F83CE /* kit */ = {
			isa = PBXGroup;
			children = (
				E01CED2B215B207B00C3D35A /* Grade */,
				E0441708214F85880000AD97 /* CAAnimation */,
				E00100B1213F6DAF00B1CAE5 /* CVSlider.h */,
				E00100B2213F6DB000B1CAE5 /* CVSlider.m */,
				E001F88A211C39F8002B5287 /* Animation */,
				E0F7B9922112A86500B363B9 /* PageViewController */,
				E0BAC8AA21114F31006F83CE /* HeightViewGuider */,
				E0BAC8A921114E1C006F83CE /* CVHeader.h */,
				E048EEA621478CFB00FC0FAA /* CVShowPeopleAlertVC.h */,
				E048EEA721478CFB00FC0FAA /* CVShowPeopleAlertVC.m */,
			);
			path = kit;
			sourceTree = "<group>";
		};
		E0BAC8AA21114F31006F83CE /* HeightViewGuider */ = {
			isa = PBXGroup;
			children = (
				E0BAC8AB211151B3006F83CE /* CVGuideView.h */,
				E0BAC8AC211151B3006F83CE /* CVGuideView.m */,
			);
			path = HeightViewGuider;
			sourceTree = "<group>";
		};
		E0F7B9922112A86500B363B9 /* PageViewController */ = {
			isa = PBXGroup;
			children = (
				E0F7B9932112A87B00B363B9 /* ViewController */,
			);
			path = PageViewController;
			sourceTree = "<group>";
		};
		E0F7B9932112A87B00B363B9 /* ViewController */ = {
			isa = PBXGroup;
			children = (
				E0F7B9942112A9E300B363B9 /* CVReaderVC.h */,
				E0F7B9952112A9E300B363B9 /* CVReaderVC.m */,
			);
			path = ViewController;
			sourceTree = "<group>";
		};
/* End PBXGroup section */

/* Begin PBXNativeTarget section */
		E0BAC872211146AD006F83CE /* CVKit */ = {
			isa = PBXNativeTarget;
			buildConfigurationList = E0BAC89F211146AF006F83CE /* Build configuration list for PBXNativeTarget "CVKit" */;
			buildPhases = (
				3F0D96815CDA86FE6911EC6B /* [CP] Check Pods Manifest.lock */,
				E0BAC86F211146AD006F83CE /* Sources */,
				E0BAC870211146AD006F83CE /* Frameworks */,
				E0BAC871211146AD006F83CE /* Resources */,
			);
			buildRules = (
			);
			dependencies = (
			);
			name = CVKit;
			productName = CVKit;
			productReference = E0BAC873211146AD006F83CE /* CVKit.app */;
			productType = "com.apple.product-type.application";
		};
		E0BAC88A211146AF006F83CE /* CVKitTests */ = {
			isa = PBXNativeTarget;
			buildConfigurationList = E0BAC8A2211146AF006F83CE /* Build configuration list for PBXNativeTarget "CVKitTests" */;
			buildPhases = (
				E0BAC887211146AF006F83CE /* Sources */,
				E0BAC888211146AF006F83CE /* Frameworks */,
				E0BAC889211146AF006F83CE /* Resources */,
			);
			buildRules = (
			);
			dependencies = (
				E0BAC88D211146AF006F83CE /* PBXTargetDependency */,
			);
			name = CVKitTests;
			productName = CVKitTests;
			productReference = E0BAC88B211146AF006F83CE /* CVKitTests.xctest */;
			productType = "com.apple.product-type.bundle.unit-test";
		};
		E0BAC895211146AF006F83CE /* CVKitUITests */ = {
			isa = PBXNativeTarget;
			buildConfigurationList = E0BAC8A5211146AF006F83CE /* Build configuration list for PBXNativeTarget "CVKitUITests" */;
			buildPhases = (
				E0BAC892211146AF006F83CE /* Sources */,
				E0BAC893211146AF006F83CE /* Frameworks */,
				E0BAC894211146AF006F83CE /* Resources */,
			);
			buildRules = (
			);
			dependencies = (
				E0BAC898211146AF006F83CE /* PBXTargetDependency */,
			);
			name = CVKitUITests;
			productName = CVKitUITests;
			productReference = E0BAC896211146AF006F83CE /* CVKitUITests.xctest */;
			productType = "com.apple.product-type.bundle.ui-testing";
		};
/* End PBXNativeTarget section */

/* Begin PBXProject section */
		E0BAC86B211146AD006F83CE /* Project object */ = {
			isa = PBXProject;
			attributes = {
				CLASSPREFIX = CV;
				LastUpgradeCheck = 0940;
				ORGANIZATIONNAME = Hanrun;
				TargetAttributes = {
					E0BAC872211146AD006F83CE = {
						CreatedOnToolsVersion = 9.4.1;
					};
					E0BAC88A211146AF006F83CE = {
						CreatedOnToolsVersion = 9.4.1;
						TestTargetID = E0BAC872211146AD006F83CE;
					};
					E0BAC895211146AF006F83CE = {
						CreatedOnToolsVersion = 9.4.1;
						TestTargetID = E0BAC872211146AD006F83CE;
					};
				};
			};
			buildConfigurationList = E0BAC86E211146AD006F83CE /* Build configuration list for PBXProject "CVKit" */;
			compatibilityVersion = "Xcode 9.3";
			developmentRegion = en;
			hasScannedForEncodings = 0;
			knownRegions = (
				en,
				Base,
			);
			mainGroup = E0BAC86A211146AD006F83CE;
			productRefGroup = E0BAC874211146AD006F83CE /* Products */;
			projectDirPath = "";
			projectRoot = "";
			targets = (
				E0BAC872211146AD006F83CE /* CVKit */,
				E0BAC88A211146AF006F83CE /* CVKitTests */,
				E0BAC895211146AF006F83CE /* CVKitUITests */,
			);
		};
/* End PBXProject section */

/* Begin PBXResourcesBuildPhase section */
		E0BAC871211146AD006F83CE /* Resources */ = {
			isa = PBXResourcesBuildPhase;
			buildActionMask = 2147483647;
			files = (
				E048EE9921474CC300FC0FAA /* CVTVC.xib in Resources */,
				E0780818216B4867004451E9 /* weibao.png in Resources */,
				E0780814216B4867004451E9 /* shebei_sxt.png in Resources */,
				E02D43202134FEFD008391EE /* CVNextViewController.xib in Resources */,
				E0780815216B4867004451E9 /* shebei_tj.png in Resources */,
				E0BAC883211146AF006F83CE /* LaunchScreen.storyboard in Resources */,
				E0BAC880211146AF006F83CE /* Assets.xcassets in Resources */,
				E0780817216B4867004451E9 /* shebei_zddw.png in Resources */,
				E0780813216B4867004451E9 /* shebei_dq.png in Resources */,
				E078081A216B48D2004451E9 /* main_bg_top.png in Resources */,
				E0BAC87E211146AD006F83CE /* Main.storyboard in Resources */,
				E048EE9E21474EB000FC0FAA /* DeviceCell.xib in Resources */,
				E0780816216B4867004451E9 /* shebei_xfwl.png in Resources */,
				E0780812216B4867004451E9 /* shebei_cszz.png in Resources */,
			);
			runOnlyForDeploymentPostprocessing = 0;
		};
		E0BAC889211146AF006F83CE /* Resources */ = {
			isa = PBXResourcesBuildPhase;
			buildActionMask = 2147483647;
			files = (
			);
			runOnlyForDeploymentPostprocessing = 0;
		};
		E0BAC894211146AF006F83CE /* Resources */ = {
			isa = PBXResourcesBuildPhase;
			buildActionMask = 2147483647;
			files = (
			);
			runOnlyForDeploymentPostprocessing = 0;
		};
/* End PBXResourcesBuildPhase section */

/* Begin PBXShellScriptBuildPhase section */
		3F0D96815CDA86FE6911EC6B /* [CP] Check Pods Manifest.lock */ = {
			isa = PBXShellScriptBuildPhase;
			buildActionMask = 2147483647;
			files = (
			);
			inputPaths = (
				"${PODS_PODFILE_DIR_PATH}/Podfile.lock",
				"${PODS_ROOT}/Manifest.lock",
			);
			name = "[CP] Check Pods Manifest.lock";
			outputPaths = (
				"$(DERIVED_FILE_DIR)/Pods-CVKit-checkManifestLockResult.txt",
			);
			runOnlyForDeploymentPostprocessing = 0;
			shellPath = /bin/sh;
			shellScript = "diff \"${PODS_PODFILE_DIR_PATH}/Podfile.lock\" \"${PODS_ROOT}/Manifest.lock\" > /dev/null\nif [ $? != 0 ] ; then\n    # print error to STDERR\n    echo \"error: The sandbox is not in sync with the Podfile.lock. Run 'pod install' or update your CocoaPods installation.\" >&2\n    exit 1\nfi\n# This output is used by Xcode 'outputs' to avoid re-running this script phase.\necho \"SUCCESS\" > \"${SCRIPT_OUTPUT_FILE_0}\"\n";
			showEnvVarsInLog = 0;
		};
/* End PBXShellScriptBuildPhase section */

/* Begin PBXSourcesBuildPhase section */
		E0BAC86F211146AD006F83CE /* Sources */ = {
			isa = PBXSourcesBuildPhase;
			buildActionMask = 2147483647;
			files = (
				E01CED31215B264F00C3D35A /* CVGradeVC.m in Sources */,
				E0079A4E213D393B0028A451 /* GasVC.m in Sources */,
				E0079A4D213D393B0028A451 /* DialView.m in Sources */,
				E044170E214F86870000AD97 /* CVAnimationVC.m in Sources */,
				E0BAC87B211146AD006F83CE /* ViewController.m in Sources */,
				E061F48B218836EF00376327 /* CVViewController.m in Sources */,
				E048EE9821474CC300FC0FAA /* CVTVC.m in Sources */,
				E048EEA521478B5700FC0FAA /* CVAlertView.m in Sources */,
				E048EEA821478CFB00FC0FAA /* CVShowPeopleAlertVC.m in Sources */,
				E0BAC886211146AF006F83CE /* main.m in Sources */,
				E02D431F2134FEFD008391EE /* CVNextViewController.m in Sources */,
				E02D43262135169B008391EE /* CVPopAnimation.m in Sources */,
				E0BAC8AD211151B3006F83CE /* CVGuideView.m in Sources */,
				E0F7B9962112A9E300B363B9 /* CVReaderVC.m in Sources */,
				E048EE9F21474EB000FC0FAA /* DeviceCell.m in Sources */,
				E02D43232135121F008391EE /* CVPushAnimation.m in Sources */,
				E0BAC878211146AD006F83CE /* AppDelegate.m in Sources */,
				E01CED2E215B20A700C3D35A /* CVGradeView.m in Sources */,
				E0DAEEA82140F5B8002F4CC7 /* CVEnergeticView.m in Sources */,
				E01ADA572151E279003CFB26 /* CVModel.m in Sources */,
				E0780809216B43F9004451E9 /* ZNMainViewController.m in Sources */,
				E02CA7D8215CCFEF000538A3 /* CVWeakTarget.m in Sources */,
				E00100B3213F6DB000B1CAE5 /* CVSlider.m in Sources */,
				E048EEA22147510200FC0FAA /* DeviceModel.m in Sources */,
			);
			runOnlyForDeploymentPostprocessing = 0;
		};
		E0BAC887211146AF006F83CE /* Sources */ = {
			isa = PBXSourcesBuildPhase;
			buildActionMask = 2147483647;
			files = (
				E01ADA592151E2DC003CFB26 /* CVModelTest.m in Sources */,
				E0BAC890211146AF006F83CE /* CVKitTests.m in Sources */,
			);
			runOnlyForDeploymentPostprocessing = 0;
		};
		E0BAC892211146AF006F83CE /* Sources */ = {
			isa = PBXSourcesBuildPhase;
			buildActionMask = 2147483647;
			files = (
				E0BAC89B211146AF006F83CE /* CVKitUITests.m in Sources */,
			);
			runOnlyForDeploymentPostprocessing = 0;
		};
/* End PBXSourcesBuildPhase section */

/* Begin PBXTargetDependency section */
		E0BAC88D211146AF006F83CE /* PBXTargetDependency */ = {
			isa = PBXTargetDependency;
			target = E0BAC872211146AD006F83CE /* CVKit */;
			targetProxy = E0BAC88C211146AF006F83CE /* PBXContainerItemProxy */;
		};
		E0BAC898211146AF006F83CE /* PBXTargetDependency */ = {
			isa = PBXTargetDependency;
			target = E0BAC872211146AD006F83CE /* CVKit */;
			targetProxy = E0BAC897211146AF006F83CE /* PBXContainerItemProxy */;
		};
/* End PBXTargetDependency section */

/* Begin PBXVariantGroup section */
		E0BAC87C211146AD006F83CE /* Main.storyboard */ = {
			isa = PBXVariantGroup;
			children = (
				E0BAC87D211146AD006F83CE /* Base */,
			);
			name = Main.storyboard;
			sourceTree = "<group>";
		};
		E0BAC881211146AF006F83CE /* LaunchScreen.storyboard */ = {
			isa = PBXVariantGroup;
			children = (
				E0BAC882211146AF006F83CE /* Base */,
			);
			name = LaunchScreen.storyboard;
			sourceTree = "<group>";
		};
/* End PBXVariantGroup section */

/* Begin XCBuildConfiguration section */
		E0BAC89D211146AF006F83CE /* Debug */ = {
			isa = XCBuildConfiguration;
			buildSettings = {
				ALWAYS_SEARCH_USER_PATHS = NO;
				CLANG_ANALYZER_NONNULL = YES;
				CLANG_ANALYZER_NUMBER_OBJECT_CONVERSION = YES_AGGRESSIVE;
				CLANG_CXX_LANGUAGE_STANDARD = "gnu++14";
				CLANG_CXX_LIBRARY = "libc++";
				CLANG_ENABLE_MODULES = YES;
				CLANG_ENABLE_OBJC_ARC = YES;
				CLANG_ENABLE_OBJC_WEAK = YES;
				CLANG_WARN_BLOCK_CAPTURE_AUTORELEASING = YES;
				CLANG_WARN_BOOL_CONVERSION = YES;
				CLANG_WARN_COMMA = YES;
				CLANG_WARN_CONSTANT_CONVERSION = YES;
				CLANG_WARN_DEPRECATED_OBJC_IMPLEMENTATIONS = YES;
				CLANG_WARN_DIRECT_OBJC_ISA_USAGE = YES_ERROR;
				CLANG_WARN_DOCUMENTATION_COMMENTS = YES;
				CLANG_WARN_EMPTY_BODY = YES;
				CLANG_WARN_ENUM_CONVERSION = YES;
				CLANG_WARN_INFINITE_RECURSION = YES;
				CLANG_WARN_INT_CONVERSION = YES;
				CLANG_WARN_NON_LITERAL_NULL_CONVERSION = YES;
				CLANG_WARN_OBJC_IMPLICIT_RETAIN_SELF = YES;
				CLANG_WARN_OBJC_LITERAL_CONVERSION = YES;
				CLANG_WARN_OBJC_ROOT_CLASS = YES_ERROR;
				CLANG_WARN_RANGE_LOOP_ANALYSIS = YES;
				CLANG_WARN_STRICT_PROTOTYPES = YES;
				CLANG_WARN_SUSPICIOUS_MOVE = YES;
				CLANG_WARN_UNGUARDED_AVAILABILITY = YES_AGGRESSIVE;
				CLANG_WARN_UNREACHABLE_CODE = YES;
				CLANG_WARN__DUPLICATE_METHOD_MATCH = YES;
				CODE_SIGN_IDENTITY = "iPhone Developer";
				COPY_PHASE_STRIP = NO;
				DEBUG_INFORMATION_FORMAT = dwarf;
				ENABLE_STRICT_OBJC_MSGSEND = YES;
				ENABLE_TESTABILITY = YES;
				GCC_C_LANGUAGE_STANDARD = gnu11;
				GCC_DYNAMIC_NO_PIC = NO;
				GCC_NO_COMMON_BLOCKS = YES;
				GCC_OPTIMIZATION_LEVEL = 0;
				GCC_PREPROCESSOR_DEFINITIONS = (
					"DEBUG=1",
					"$(inherited)",
				);
				GCC_WARN_64_TO_32_BIT_CONVERSION = YES;
				GCC_WARN_ABOUT_RETURN_TYPE = YES_ERROR;
				GCC_WARN_UNDECLARED_SELECTOR = YES;
				GCC_WARN_UNINITIALIZED_AUTOS = YES_AGGRESSIVE;
				GCC_WARN_UNUSED_FUNCTION = YES;
				GCC_WARN_UNUSED_VARIABLE = YES;
				IPHONEOS_DEPLOYMENT_TARGET = 11.4;
				MTL_ENABLE_DEBUG_INFO = YES;
				ONLY_ACTIVE_ARCH = YES;
				SDKROOT = iphoneos;
			};
			name = Debug;
		};
		E0BAC89E211146AF006F83CE /* Release */ = {
			isa = XCBuildConfiguration;
			buildSettings = {
				ALWAYS_SEARCH_USER_PATHS = NO;
				CLANG_ANALYZER_NONNULL = YES;
				CLANG_ANALYZER_NUMBER_OBJECT_CONVERSION = YES_AGGRESSIVE;
				CLANG_CXX_LANGUAGE_STANDARD = "gnu++14";
				CLANG_CXX_LIBRARY = "libc++";
				CLANG_ENABLE_MODULES = YES;
				CLANG_ENABLE_OBJC_ARC = YES;
				CLANG_ENABLE_OBJC_WEAK = YES;
				CLANG_WARN_BLOCK_CAPTURE_AUTORELEASING = YES;
				CLANG_WARN_BOOL_CONVERSION = YES;
				CLANG_WARN_COMMA = YES;
				CLANG_WARN_CONSTANT_CONVERSION = YES;
				CLANG_WARN_DEPRECATED_OBJC_IMPLEMENTATIONS = YES;
				CLANG_WARN_DIRECT_OBJC_ISA_USAGE = YES_ERROR;
				CLANG_WARN_DOCUMENTATION_COMMENTS = YES;
				CLANG_WARN_EMPTY_BODY = YES;
				CLANG_WARN_ENUM_CONVERSION = YES;
				CLANG_WARN_INFINITE_RECURSION = YES;
				CLANG_WARN_INT_CONVERSION = YES;
				CLANG_WARN_NON_LITERAL_NULL_CONVERSION = YES;
				CLANG_WARN_OBJC_IMPLICIT_RETAIN_SELF = YES;
				CLANG_WARN_OBJC_LITERAL_CONVERSION = YES;
				CLANG_WARN_OBJC_ROOT_CLASS = YES_ERROR;
				CLANG_WARN_RANGE_LOOP_ANALYSIS = YES;
				CLANG_WARN_STRICT_PROTOTYPES = YES;
				CLANG_WARN_SUSPICIOUS_MOVE = YES;
				CLANG_WARN_UNGUARDED_AVAILABILITY = YES_AGGRESSIVE;
				CLANG_WARN_UNREACHABLE_CODE = YES;
				CLANG_WARN__DUPLICATE_METHOD_MATCH = YES;
				CODE_SIGN_IDENTITY = "iPhone Developer";
				COPY_PHASE_STRIP = NO;
				DEBUG_INFORMATION_FORMAT = "dwarf-with-dsym";
				ENABLE_NS_ASSERTIONS = NO;
				ENABLE_STRICT_OBJC_MSGSEND = YES;
				GCC_C_LANGUAGE_STANDARD = gnu11;
				GCC_NO_COMMON_BLOCKS = YES;
				GCC_WARN_64_TO_32_BIT_CONVERSION = YES;
				GCC_WARN_ABOUT_RETURN_TYPE = YES_ERROR;
				GCC_WARN_UNDECLARED_SELECTOR = YES;
				GCC_WARN_UNINITIALIZED_AUTOS = YES_AGGRESSIVE;
				GCC_WARN_UNUSED_FUNCTION = YES;
				GCC_WARN_UNUSED_VARIABLE = YES;
				IPHONEOS_DEPLOYMENT_TARGET = 11.4;
				MTL_ENABLE_DEBUG_INFO = NO;
				SDKROOT = iphoneos;
				VALIDATE_PRODUCT = YES;
			};
			name = Release;
		};
		E0BAC8A0211146AF006F83CE /* Debug */ = {
			isa = XCBuildConfiguration;
			baseConfigurationReference = 0283D19E1100C56E7697EFD9 /* Pods-CVKit.debug.xcconfig */;
			buildSettings = {
				ASSETCATALOG_COMPILER_APPICON_NAME = AppIcon;
				CODE_SIGN_STYLE = Automatic;
				INFOPLIST_FILE = CVKit/Info.plist;
				LD_RUNPATH_SEARCH_PATHS = (
					"$(inherited)",
					"@executable_path/Frameworks",
				);
				PRODUCT_BUNDLE_IDENTIFIER = com.cv.CVKit;
				PRODUCT_NAME = "$(TARGET_NAME)";
				TARGETED_DEVICE_FAMILY = "1,2";
				VALID_ARCHS = "arm64 armv7 armv7s \nShowing Recent Messages\nld: 35 duplicate symbols for architecture x86_64\n\n\n";
			};
			name = Debug;
		};
		E0BAC8A1211146AF006F83CE /* Release */ = {
			isa = XCBuildConfiguration;
			baseConfigurationReference = C13653D333879FC97F8B9F89 /* Pods-CVKit.release.xcconfig */;
			buildSettings = {
				ASSETCATALOG_COMPILER_APPICON_NAME = AppIcon;
				CODE_SIGN_STYLE = Automatic;
				INFOPLIST_FILE = CVKit/Info.plist;
				LD_RUNPATH_SEARCH_PATHS = (
					"$(inherited)",
					"@executable_path/Frameworks",
				);
				PRODUCT_BUNDLE_IDENTIFIER = com.cv.CVKit;
				PRODUCT_NAME = "$(TARGET_NAME)";
				TARGETED_DEVICE_FAMILY = "1,2";
				VALID_ARCHS = "arm64 armv7 armv7s \nShowing Recent Messages\nld: 35 duplicate symbols for architecture x86_64\n\n\n";
			};
			name = Release;
		};
		E0BAC8A3211146AF006F83CE /* Debug */ = {
			isa = XCBuildConfiguration;
			buildSettings = {
				BUNDLE_LOADER = "$(TEST_HOST)";
				CODE_SIGN_STYLE = Automatic;
				INFOPLIST_FILE = CVKitTests/Info.plist;
				LD_RUNPATH_SEARCH_PATHS = (
					"$(inherited)",
					"@executable_path/Frameworks",
					"@loader_path/Frameworks",
				);
				PRODUCT_BUNDLE_IDENTIFIER = com.cv.CVKitTests;
				PRODUCT_NAME = "$(TARGET_NAME)";
				TARGETED_DEVICE_FAMILY = "1,2";
				TEST_HOST = "$(BUILT_PRODUCTS_DIR)/CVKit.app/CVKit";
			};
			name = Debug;
		};
		E0BAC8A4211146AF006F83CE /* Release */ = {
			isa = XCBuildConfiguration;
			buildSettings = {
				BUNDLE_LOADER = "$(TEST_HOST)";
				CODE_SIGN_STYLE = Automatic;
				INFOPLIST_FILE = CVKitTests/Info.plist;
				LD_RUNPATH_SEARCH_PATHS = (
					"$(inherited)",
					"@executable_path/Frameworks",
					"@loader_path/Frameworks",
				);
				PRODUCT_BUNDLE_IDENTIFIER = com.cv.CVKitTests;
				PRODUCT_NAME = "$(TARGET_NAME)";
				TARGETED_DEVICE_FAMILY = "1,2";
				TEST_HOST = "$(BUILT_PRODUCTS_DIR)/CVKit.app/CVKit";
			};
			name = Release;
		};
		E0BAC8A6211146AF006F83CE /* Debug */ = {
			isa = XCBuildConfiguration;
			buildSettings = {
				CODE_SIGN_STYLE = Automatic;
				INFOPLIST_FILE = CVKitUITests/Info.plist;
				LD_RUNPATH_SEARCH_PATHS = (
					"$(inherited)",
					"@executable_path/Frameworks",
					"@loader_path/Frameworks",
				);
				PRODUCT_BUNDLE_IDENTIFIER = com.cv.CVKitUITests;
				PRODUCT_NAME = "$(TARGET_NAME)";
				TARGETED_DEVICE_FAMILY = "1,2";
				TEST_TARGET_NAME = CVKit;
			};
			name = Debug;
		};
		E0BAC8A7211146AF006F83CE /* Release */ = {
			isa = XCBuildConfiguration;
			buildSettings = {
				CODE_SIGN_STYLE = Automatic;
				INFOPLIST_FILE = CVKitUITests/Info.plist;
				LD_RUNPATH_SEARCH_PATHS = (
					"$(inherited)",
					"@executable_path/Frameworks",
					"@loader_path/Frameworks",
				);
				PRODUCT_BUNDLE_IDENTIFIER = com.cv.CVKitUITests;
				PRODUCT_NAME = "$(TARGET_NAME)";
				TARGETED_DEVICE_FAMILY = "1,2";
				TEST_TARGET_NAME = CVKit;
			};
			name = Release;
		};
/* End XCBuildConfiguration section */

/* Begin XCConfigurationList section */
		E0BAC86E211146AD006F83CE /* Build configuration list for PBXProject "CVKit" */ = {
			isa = XCConfigurationList;
			buildConfigurations = (
				E0BAC89D211146AF006F83CE /* Debug */,
				E0BAC89E211146AF006F83CE /* Release */,
			);
			defaultConfigurationIsVisible = 0;
			defaultConfigurationName = Release;
		};
		E0BAC89F211146AF006F83CE /* Build configuration list for PBXNativeTarget "CVKit" */ = {
			isa = XCConfigurationList;
			buildConfigurations = (
				E0BAC8A0211146AF006F83CE /* Debug */,
				E0BAC8A1211146AF006F83CE /* Release */,
			);
			defaultConfigurationIsVisible = 0;
			defaultConfigurationName = Release;
		};
		E0BAC8A2211146AF006F83CE /* Build configuration list for PBXNativeTarget "CVKitTests" */ = {
			isa = XCConfigurationList;
			buildConfigurations = (
				E0BAC8A3211146AF006F83CE /* Debug */,
				E0BAC8A4211146AF006F83CE /* Release */,
			);
			defaultConfigurationIsVisible = 0;
			defaultConfigurationName = Release;
		};
		E0BAC8A5211146AF006F83CE /* Build configuration list for PBXNativeTarget "CVKitUITests" */ = {
			isa = XCConfigurationList;
			buildConfigurations = (
				E0BAC8A6211146AF006F83CE /* Debug */,
				E0BAC8A7211146AF006F83CE /* Release */,
			);
			defaultConfigurationIsVisible = 0;
			defaultConfigurationName = Release;
		};
/* End XCConfigurationList section */
	};
	rootObject = E0BAC86B211146AD006F83CE /* Project object */;
}
